{
  "name":"form-routine-kit",
  "version":"0.2.0",
  "lockfileVersion":3,
  "requires":true,
  "packages":{
    "":{"name":"form-routine-kit","version":"0.2.0","dependencies":{"@types/chrome":"^0.0.325","@vitejs/plugin-react":"^4.4.1","react":"^19.1.0","react-dom":"^19.1.0","typescript":"^5.8.3","vite":"^6.3.5"}},
    "node_modules/@types/chrome":{"version":"0.0.325"},
    "node_modules/@vitejs/plugin-react":{"version":"4.4.1"},
    "node_modules/react":{"version":"19.1.0"},
    "node_modules/react-dom":{"version":"19.1.0"},
    "node_modules/typescript":{"version":"5.8.3"},
    "node_modules/vite":{"version":"6.3.5"}
  }
}